{
  "name": "node",
  "version": "1.0.0",
  "lockfileVersion": 3,
  "requires": true,
  "packages": {
    "": {
      "name": "node",
      "version": "1.0.0",
      "license": "Apache-2.0",
      "dependencies": {
        "dotenv": "^16.3.1",
        "limiter": "^2.0.1",
        "n-readlines": "^1.0.1",
        "run-func": "^3.0.0"
      }
    },
    "node_modules/dotenv": {
      "version": "16.3.1",
      "resolved": "https://registry.npmjs.org/dotenv/-/dotenv-16.3.1.tgz",
      "integrity": "sha512-IPzF4w4/Rd94bA9imS68tZBaYyBWSCE47V1RGuMrB94iyTOIEwRmVL2x/4An+6mETpLrKJ5hQkB8W4kFAadeIQ==",
      "engines": {
        "node": ">=12"
      },
      "funding": {
        "url": "https://github.com/motdotla/dotenv?sponsor=1"
      }
    },
    "node_modules/just-performance": {
      "version": "4.2.0",
      "resolved": "https://registry.npmjs.org/just-performance/-/just-performance-4.2.0.tgz",
      "integrity": "sha512-4TikKSf+Gb+Et5SnA4ppyrxLSf9qWFq+SqfdDdrgHE1KLwSch/Zi1AQB0TrE4ppYjZdUrHnwdx+6dyx0cx/HyA=="
    },
    "node_modules/limiter": {
      "version": "2.0.1",
      "resolved": "https://registry.npmjs.org/limiter/-/limiter-2.0.1.tgz",
      "integrity": "sha512-OhORJ29edCj2WVLYEou3AVRYZmobyTOy2A9yvDuwL68teu+vWLLlnJxEBMH4gDXIKlkyCTBL9JDEygSPOiwfMg==",
      "dependencies": {
        "just-performance": "4.2.0"
      }
    },
    "node_modules/n-readlines": {
      "version": "1.0.1",
      "resolved": "https://registry.npmjs.org/n-readlines/-/n-readlines-1.0.1.tgz",
      "integrity": "sha512-z4SyAIVgMy7CkgsoNw7YVz40v0g4+WWvvqy8+ZdHrCtgevcEO758WQyrYcw3XPxcLxF+//RszTz/rO48nzD0wQ==",
      "engines": {
        "node": ">=6.x.x"
      }
    },
    "node_modules/run-func": {
      "version": "3.0.0",
      "resolved": "https://registry.npmjs.org/run-func/-/run-func-3.0.0.tgz",
      "integrity": "sha512-RZwVzBrD7biV5CiAgwEUdaRGt0hLjBrhn4PqemBuNogH9Sc/8Bv8p+6F6AweU5bxZXsb3Mxltgu+/f+TGi0udA==",
      "bin": {
        "run-func": "index.js",
        "run-func-mem": "mem.js"
      },
      "engines": {
        "node": ">=10.0.0",
        "npm": ">=6.0.0"
      }
    }
  }
}
